
Microsoft Visual Studio Solution File, Format Version 12.00
# Visual Studio 15
VisualStudioVersion = 15.0.27130.2027
MinimumVisualStudioVersion = 10.0.40219.1
Project("{9A19103F-16F7-4668-BE54-9A1E7A4F7556}") = "Core", "Core\Core.csproj", "{3017805A-4611-463E-9D07-0DC1B8323E0C}"
EndProject
Project("{9A19103F-16F7-4668-BE54-9A1E7A4F7556}") = "DebugConsole", "DebugConsole\DebugConsole.csproj", "{54ACA1A2-E84D-4967-94F2-4234A63A391F}"
EndProject
Project("{9A19103F-16F7-4668-BE54-9A1E7A4F7556}") = "ScriptInterpretation", "ScriptInterpretation\ScriptInterpretation.csproj", "{4016D6E2-E892-4633-944C-CC55271F66D2}"
EndProject
Project("{9A19103F-16F7-4668-BE54-9A1E7A4F7556}") = "ApiService", "ApiService\ApiService.csproj", "{57CAEF18-7D49-43F5-A7A4-DBF0AA2D02FE}"
EndProject
Project("{9A19103F-16F7-4668-BE54-9A1E7A4F7556}") = "ApiService.Tests", "ApiService.Tests\ApiService.Tests.csproj", "{6663D9B3-76C9-4E1E-B3A0-247AF375DAAE}"
EndProject
Project("{FAE04EC0-301F-11D3-BF4B-00C04F79EFBC}") = "Core.Tests", "Core.Tests\Core.Tests.csproj", "{78AFD0C1-C864-4B77-B6A7-9C2C541086B2}"
EndProject
Global
	GlobalSection(SolutionConfigurationPlatforms) = preSolution
		Debug|Any CPU = Debug|Any CPU
		Release|Any CPU = Release|Any CPU
	EndGlobalSection
	GlobalSection(ProjectConfigurationPlatforms) = postSolution
		{3017805A-4611-463E-9D07-0DC1B8323E0C}.Debug|Any CPU.ActiveCfg = Debug|Any CPU
		{3017805A-4611-463E-9D07-0DC1B8323E0C}.Debug|Any CPU.Build.0 = Debug|Any CPU
		{3017805A-4611-463E-9D07-0DC1B8323E0C}.Release|Any CPU.ActiveCfg = Release|Any CPU
		{3017805A-4611-463E-9D07-0DC1B8323E0C}.Release|Any CPU.Build.0 = Release|Any CPU
		{54ACA1A2-E84D-4967-94F2-4234A63A391F}.Debug|Any CPU.ActiveCfg = Debug|Any CPU
		{54ACA1A2-E84D-4967-94F2-4234A63A391F}.Debug|Any CPU.Build.0 = Debug|Any CPU
		{54ACA1A2-E84D-4967-94F2-4234A63A391F}.Release|Any CPU.ActiveCfg = Release|Any CPU
		{54ACA1A2-E84D-4967-94F2-4234A63A391F}.Release|Any CPU.Build.0 = Release|Any CPU
		{4016D6E2-E892-4633-944C-CC55271F66D2}.Debug|Any CPU.ActiveCfg = Debug|Any CPU
		{4016D6E2-E892-4633-944C-CC55271F66D2}.Debug|Any CPU.Build.0 = Debug|Any CPU
		{4016D6E2-E892-4633-944C-CC55271F66D2}.Release|Any CPU.ActiveCfg = Release|Any CPU
		{4016D6E2-E892-4633-944C-CC55271F66D2}.Release|Any CPU.Build.0 = Release|Any CPU
		{57CAEF18-7D49-43F5-A7A4-DBF0AA2D02FE}.Debug|Any CPU.ActiveCfg = Debug|Any CPU
		{57CAEF18-7D49-43F5-A7A4-DBF0AA2D02FE}.Debug|Any CPU.Build.0 = Debug|Any CPU
		{57CAEF18-7D49-43F5-A7A4-DBF0AA2D02FE}.Release|Any CPU.ActiveCfg = Release|Any CPU
		{57CAEF18-7D49-43F5-A7A4-DBF0AA2D02FE}.Release|Any CPU.Build.0 = Release|Any CPU
		{6663D9B3-76C9-4E1E-B3A0-247AF375DAAE}.Debug|Any CPU.ActiveCfg = Debug|Any CPU
		{6663D9B3-76C9-4E1E-B3A0-247AF375DAAE}.Debug|Any CPU.Build.0 = Debug|Any CPU
		{6663D9B3-76C9-4E1E-B3A0-247AF375DAAE}.Release|Any CPU.ActiveCfg = Release|Any CPU
		{6663D9B3-76C9-4E1E-B3A0-247AF375DAAE}.Release|Any CPU.Build.0 = Release|Any CPU
		{78AFD0C1-C864-4B77-B6A7-9C2C541086B2}.Debug|Any CPU.ActiveCfg = Debug|Any CPU
		{78AFD0C1-C864-4B77-B6A7-9C2C541086B2}.Debug|Any CPU.Build.0 = Debug|Any CPU
		{78AFD0C1-C864-4B77-B6A7-9C2C541086B2}.Release|Any CPU.ActiveCfg = Release|Any CPU
		{78AFD0C1-C864-4B77-B6A7-9C2C541086B2}.Release|Any CPU.Build.0 = Release|Any CPU
	EndGlobalSection
	GlobalSection(SolutionProperties) = preSolution
		HideSolutionNode = FALSE
	EndGlobalSection
	GlobalSection(ExtensibilityGlobals) = postSolution
		SolutionGuid = {08057A70-51FF-4577-A6AF-CACA7BAB9928}
	EndGlobalSection
EndGlobal
